// !$*UTF8*$!
{
	archiveVersion = 1;
	classes = {
	};
	objectVersion = 52;
	objects = {

/* Begin PBXBuildFile section */
		2584B650260D467E00CA7360 /* AppDelegate.swift in Sources */ = {isa = PBXBuildFile; fileRef = 2584B64F260D467E00CA7360 /* AppDelegate.swift */; };
		2584B652260D467E00CA7360 /* SceneDelegate.swift in Sources */ = {isa = PBXBuildFile; fileRef = 2584B651260D467E00CA7360 /* SceneDelegate.swift */; };
		2584B657260D467E00CA7360 /* Main.storyboard in Resources */ = {isa = PBXBuildFile; fileRef = 2584B655260D467E00CA7360 /* Main.storyboard */; };
		2584B659260D468100CA7360 /* Assets.xcassets in Resources */ = {isa = PBXBuildFile; fileRef = 2584B658260D468100CA7360 /* Assets.xcassets */; };
		2584B65C260D468100CA7360 /* LaunchScreen.storyboard in Resources */ = {isa = PBXBuildFile; fileRef = 2584B65A260D468100CA7360 /* LaunchScreen.storyboard */; };
		2584B666260D4D7A00CA7360 /* SnippetTableViewController.swift in Sources */ = {isa = PBXBuildFile; fileRef = 2584B665260D4D7A00CA7360 /* SnippetTableViewController.swift */; };
		2584B669260D503F00CA7360 /* DetailViewController.swift in Sources */ = {isa = PBXBuildFile; fileRef = 2584B668260D503F00CA7360 /* DetailViewController.swift */; };
		2584B66D260D540600CA7360 /* Sourceful in Frameworks */ = {isa = PBXBuildFile; productRef = 2584B66C260D540600CA7360 /* Sourceful */; };
		2584B670260D593E00CA7360 /* Snippet.swift in Sources */ = {isa = PBXBuildFile; fileRef = 2584B66F260D593E00CA7360 /* Snippet.swift */; };
		2584B681260D5EA800CA7360 /* CodeFont.swift in Sources */ = {isa = PBXBuildFile; fileRef = 2584B67D260D5EA800CA7360 /* CodeFont.swift */; };
		2584B682260D5EA800CA7360 /* EditableToolbarView.swift in Sources */ = {isa = PBXBuildFile; fileRef = 2584B67E260D5EA800CA7360 /* EditableToolbarView.swift */; };
		2584B683260D5EA800CA7360 /* Themes.swift in Sources */ = {isa = PBXBuildFile; fileRef = 2584B67F260D5EA800CA7360 /* Themes.swift */; };
		2584B684260D5EA800CA7360 /* UIApplication+activeTraitCollection.swift in Sources */ = {isa = PBXBuildFile; fileRef = 2584B680260D5EA800CA7360 /* UIApplication+activeTraitCollection.swift */; };
		2587A8872617E3D2005FA487 /* Language.swift in Sources */ = {isa = PBXBuildFile; fileRef = 2587A8862617E3D2005FA487 /* Language.swift */; };
		2587A8902617E6C6005FA487 /* TagViewController.swift in Sources */ = {isa = PBXBuildFile; fileRef = 2587A88F2617E6C6005FA487 /* TagViewController.swift */; };
		2587A8942617E99B005FA487 /* Tag.swift in Sources */ = {isa = PBXBuildFile; fileRef = 2587A8932617E99B005FA487 /* Tag.swift */; };
/* End PBXBuildFile section */

/* Begin PBXFileReference section */
		2584B64C260D467E00CA7360 /* SnippetBank.app */ = {isa = PBXFileReference; explicitFileType = wrapper.application; includeInIndex = 0; path = SnippetBank.app; sourceTree = BUILT_PRODUCTS_DIR; };
		2584B64F260D467E00CA7360 /* AppDelegate.swift */ = {isa = PBXFileReference; lastKnownFileType = sourcecode.swift; path = AppDelegate.swift; sourceTree = "<group>"; };
		2584B651260D467E00CA7360 /* SceneDelegate.swift */ = {isa = PBXFileReference; lastKnownFileType = sourcecode.swift; path = SceneDelegate.swift; sourceTree = "<group>"; };
		2584B656260D467E00CA7360 /* Base */ = {isa = PBXFileReference; lastKnownFileType = file.storyboard; name = Base; path = Base.lproj/Main.storyboard; sourceTree = "<group>"; };
		2584B658260D468100CA7360 /* Assets.xcassets */ = {isa = PBXFileReference; lastKnownFileType = folder.assetcatalog; path = Assets.xcassets; sourceTree = "<group>"; };
		2584B65B260D468100CA7360 /* Base */ = {isa = PBXFileReference; lastKnownFileType = file.storyboard; name = Base; path = Base.lproj/LaunchScreen.storyboard; sourceTree = "<group>"; };
		2584B65D260D468100CA7360 /* Info.plist */ = {isa = PBXFileReference; lastKnownFileType = text.plist.xml; path = Info.plist; sourceTree = "<group>"; };
		2584B665260D4D7A00CA7360 /* SnippetTableViewController.swift */ = {isa = PBXFileReference; lastKnownFileType = sourcecode.swift; path = SnippetTableViewController.swift; sourceTree = "<group>"; };
		2584B668260D503F00CA7360 /* DetailViewController.swift */ = {isa = PBXFileReference; lastKnownFileType = sourcecode.swift; path = DetailViewController.swift; sourceTree = "<group>"; };
		2584B66F260D593E00CA7360 /* Snippet.swift */ = {isa = PBXFileReference; lastKnownFileType = sourcecode.swift; path = Snippet.swift; sourceTree = "<group>"; };
		2584B67D260D5EA800CA7360 /* CodeFont.swift */ = {isa = PBXFileReference; fileEncoding = 4; lastKnownFileType = sourcecode.swift; path = CodeFont.swift; sourceTree = "<group>"; };
		2584B67E260D5EA800CA7360 /* EditableToolbarView.swift */ = {isa = PBXFileReference; fileEncoding = 4; lastKnownFileType = sourcecode.swift; path = EditableToolbarView.swift; sourceTree = "<group>"; };
		2584B67F260D5EA800CA7360 /* Themes.swift */ = {isa = PBXFileReference; fileEncoding = 4; lastKnownFileType = sourcecode.swift; path = Themes.swift; sourceTree = "<group>"; };
		2584B680260D5EA800CA7360 /* UIApplication+activeTraitCollection.swift */ = {isa = PBXFileReference; fileEncoding = 4; lastKnownFileType = sourcecode.swift; path = "UIApplication+activeTraitCollection.swift"; sourceTree = "<group>"; };
		2587A8862617E3D2005FA487 /* Language.swift */ = {isa = PBXFileReference; lastKnownFileType = sourcecode.swift; path = Language.swift; sourceTree = "<group>"; };
		2587A88F2617E6C6005FA487 /* TagViewController.swift */ = {isa = PBXFileReference; lastKnownFileType = sourcecode.swift; path = TagViewController.swift; sourceTree = "<group>"; };
		2587A8932617E99B005FA487 /* Tag.swift */ = {isa = PBXFileReference; lastKnownFileType = sourcecode.swift; path = Tag.swift; sourceTree = "<group>"; };
/* End PBXFileReference section */

/* Begin PBXFrameworksBuildPhase section */
		2584B649260D467E00CA7360 /* Frameworks */ = {
			isa = PBXFrameworksBuildPhase;
			buildActionMask = 2147483647;
			files = (
				2584B66D260D540600CA7360 /* Sourceful in Frameworks */,
			);
			runOnlyForDeploymentPostprocessing = 0;
		};
/* End PBXFrameworksBuildPhase section */

/* Begin PBXGroup section */
		2584B643260D467E00CA7360 = {
			isa = PBXGroup;
			children = (
				2584B64E260D467E00CA7360 /* SnippetBank */,
				2584B64D260D467E00CA7360 /* Products */,
			);
			sourceTree = "<group>";
		};
		2584B64D260D467E00CA7360 /* Products */ = {
			isa = PBXGroup;
			children = (
				2584B64C260D467E00CA7360 /* SnippetBank.app */,
			);
			name = Products;
			sourceTree = "<group>";
		};
		2584B64E260D467E00CA7360 /* SnippetBank */ = {
			isa = PBXGroup;
			children = (
				2587A8852617E388005FA487 /* controller */,
				2587A8842617E37B005FA487 /* view */,
				2587A8832617E371005FA487 /* model */,
				2584B64F260D467E00CA7360 /* AppDelegate.swift */,
				2584B651260D467E00CA7360 /* SceneDelegate.swift */,
				2584B687260D5ECB00CA7360 /* utils */,
				2584B658260D468100CA7360 /* Assets.xcassets */,
				2584B65D260D468100CA7360 /* Info.plist */,
			);
			path = SnippetBank;
			sourceTree = "<group>";
		};
		2584B687260D5ECB00CA7360 /* utils */ = {
			isa = PBXGroup;
			children = (
				2584B67D260D5EA800CA7360 /* CodeFont.swift */,
				2584B67E260D5EA800CA7360 /* EditableToolbarView.swift */,
				2584B67F260D5EA800CA7360 /* Themes.swift */,
				2584B680260D5EA800CA7360 /* UIApplication+activeTraitCollection.swift */,
			);
			path = utils;
			sourceTree = "<group>";
		};
		2587A8832617E371005FA487 /* model */ = {
			isa = PBXGroup;
			children = (
				2584B66F260D593E00CA7360 /* Snippet.swift */,
				2587A8862617E3D2005FA487 /* Language.swift */,
				2587A8932617E99B005FA487 /* Tag.swift */,
			);
			path = model;
			sourceTree = "<group>";
		};
		2587A8842617E37B005FA487 /* view */ = {
			isa = PBXGroup;
			children = (
				2584B655260D467E00CA7360 /* Main.storyboard */,
				2584B65A260D468100CA7360 /* LaunchScreen.storyboard */,
			);
			path = view;
			sourceTree = "<group>";
		};
		2587A8852617E388005FA487 /* controller */ = {
			isa = PBXGroup;
			children = (
				2584B668260D503F00CA7360 /* DetailViewController.swift */,
				2584B665260D4D7A00CA7360 /* SnippetTableViewController.swift */,
				2587A88F2617E6C6005FA487 /* TagViewController.swift */,
			);
			path = controller;
			sourceTree = "<group>";
		};
/* End PBXGroup section */

/* Begin PBXNativeTarget section */
		2584B64B260D467E00CA7360 /* SnippetBank */ = {
			isa = PBXNativeTarget;
			buildConfigurationList = 2584B660260D468100CA7360 /* Build configuration list for PBXNativeTarget "SnippetBank" */;
			buildPhases = (
				2584B648260D467E00CA7360 /* Sources */,
				2584B649260D467E00CA7360 /* Frameworks */,
				2584B64A260D467E00CA7360 /* Resources */,
			);
			buildRules = (
			);
			dependencies = (
			);
			name = SnippetBank;
			packageProductDependencies = (
				2584B66C260D540600CA7360 /* Sourceful */,
			);
			productName = SnippetBank;
			productReference = 2584B64C260D467E00CA7360 /* SnippetBank.app */;
			productType = "com.apple.product-type.application";
		};
/* End PBXNativeTarget section */

/* Begin PBXProject section */
		2584B644260D467E00CA7360 /* Project object */ = {
			isa = PBXProject;
			attributes = {
				LastSwiftUpdateCheck = 1240;
				LastUpgradeCheck = 1240;
				TargetAttributes = {
					2584B64B260D467E00CA7360 = {
						CreatedOnToolsVersion = 12.4;
					};
				};
			};
			buildConfigurationList = 2584B647260D467E00CA7360 /* Build configuration list for PBXProject "SnippetBank" */;
			compatibilityVersion = "Xcode 9.3";
			developmentRegion = en;
			hasScannedForEncodings = 0;
			knownRegions = (
				en,
				Base,
			);
			mainGroup = 2584B643260D467E00CA7360;
			packageReferences = (
				2584B66B260D540600CA7360 /* XCRemoteSwiftPackageReference "Sourceful" */,
			);
			productRefGroup = 2584B64D260D467E00CA7360 /* Products */;
			projectDirPath = "";
			projectRoot = "";
			targets = (
				2584B64B260D467E00CA7360 /* SnippetBank */,
			);
		};
/* End PBXProject section */

/* Begin PBXResourcesBuildPhase section */
		2584B64A260D467E00CA7360 /* Resources */ = {
			isa = PBXResourcesBuildPhase;
			buildActionMask = 2147483647;
			files = (
				2584B65C260D468100CA7360 /* LaunchScreen.storyboard in Resources */,
				2584B659260D468100CA7360 /* Assets.xcassets in Resources */,
				2584B657260D467E00CA7360 /* Main.storyboard in Resources */,
			);
			runOnlyForDeploymentPostprocessing = 0;
		};
/* End PBXResourcesBuildPhase section */

/* Begin PBXSourcesBuildPhase section */
		2584B648260D467E00CA7360 /* Sources */ = {
			isa = PBXSourcesBuildPhase;
			buildActionMask = 2147483647;
			files = (
				2587A8942617E99B005FA487 /* Tag.swift in Sources */,
				2584B650260D467E00CA7360 /* AppDelegate.swift in Sources */,
				2584B666260D4D7A00CA7360 /* SnippetTableViewController.swift in Sources */,
				2584B670260D593E00CA7360 /* Snippet.swift in Sources */,
				2584B681260D5EA800CA7360 /* CodeFont.swift in Sources */,
				2584B682260D5EA800CA7360 /* EditableToolbarView.swift in Sources */,
				2584B683260D5EA800CA7360 /* Themes.swift in Sources */,
				2587A8902617E6C6005FA487 /* TagViewController.swift in Sources */,
				2584B652260D467E00CA7360 /* SceneDelegate.swift in Sources */,
				2584B669260D503F00CA7360 /* DetailViewController.swift in Sources */,
				2584B684260D5EA800CA7360 /* UIApplication+activeTraitCollection.swift in Sources */,
				2587A8872617E3D2005FA487 /* Language.swift in Sources */,
			);
			runOnlyForDeploymentPostprocessing = 0;
		};
/* End PBXSourcesBuildPhase section */

/* Begin PBXVariantGroup section */
		2584B655260D467E00CA7360 /* Main.storyboard */ = {
			isa = PBXVariantGroup;
			children = (
				2584B656260D467E00CA7360 /* Base */,
			);
			name = Main.storyboard;
			sourceTree = "<group>";
		};
		2584B65A260D468100CA7360 /* LaunchScreen.storyboard */ = {
			isa = PBXVariantGroup;
			children = (
				2584B65B260D468100CA7360 /* Base */,
			);
			name = LaunchScreen.storyboard;
			sourceTree = "<group>";
		};
/* End PBXVariantGroup section */

/* Begin XCBuildConfiguration section */
		2584B65E260D468100CA7360 /* Debug */ = {
			isa = XCBuildConfiguration;
			buildSettings = {
				ALWAYS_SEARCH_USER_PATHS = NO;
				CLANG_ANALYZER_NONNULL = YES;
				CLANG_ANALYZER_NUMBER_OBJECT_CONVERSION = YES_AGGRESSIVE;
				CLANG_CXX_LANGUAGE_STANDARD = "gnu++14";
				CLANG_CXX_LIBRARY = "libc++";
				CLANG_ENABLE_MODULES = YES;
				CLANG_ENABLE_OBJC_ARC = YES;
				CLANG_ENABLE_OBJC_WEAK = YES;
				CLANG_WARN_BLOCK_CAPTURE_AUTORELEASING = YES;
				CLANG_WARN_BOOL_CONVERSION = YES;
				CLANG_WARN_COMMA = YES;
				CLANG_WARN_CONSTANT_CONVERSION = YES;
				CLANG_WARN_DEPRECATED_OBJC_IMPLEMENTATIONS = YES;
				CLANG_WARN_DIRECT_OBJC_ISA_USAGE = YES_ERROR;
				CLANG_WARN_DOCUMENTATION_COMMENTS = YES;
				CLANG_WARN_EMPTY_BODY = YES;
				CLANG_WARN_ENUM_CONVERSION = YES;
				CLANG_WARN_INFINITE_RECURSION = YES;
				CLANG_WARN_INT_CONVERSION = YES;
				CLANG_WARN_NON_LITERAL_NULL_CONVERSION = YES;
				CLANG_WARN_OBJC_IMPLICIT_RETAIN_SELF = YES;
				CLANG_WARN_OBJC_LITERAL_CONVERSION = YES;
				CLANG_WARN_OBJC_ROOT_CLASS = YES_ERROR;
				CLANG_WARN_QUOTED_INCLUDE_IN_FRAMEWORK_HEADER = YES;
				CLANG_WARN_RANGE_LOOP_ANALYSIS = YES;
				CLANG_WARN_STRICT_PROTOTYPES = YES;
				CLANG_WARN_SUSPICIOUS_MOVE = YES;
				CLANG_WARN_UNGUARDED_AVAILABILITY = YES_AGGRESSIVE;
				CLANG_WARN_UNREACHABLE_CODE = YES;
				CLANG_WARN__DUPLICATE_METHOD_MATCH = YES;
				COPY_PHASE_STRIP = NO;
				DEBUG_INFORMATION_FORMAT = dwarf;
				ENABLE_STRICT_OBJC_MSGSEND = YES;
				ENABLE_TESTABILITY = YES;
				GCC_C_LANGUAGE_STANDARD = gnu11;
				GCC_DYNAMIC_NO_PIC = NO;
				GCC_NO_COMMON_BLOCKS = YES;
				GCC_OPTIMIZATION_LEVEL = 0;
				GCC_PREPROCESSOR_DEFINITIONS = (
					"DEBUG=1",
					"$(inherited)",
				);
				GCC_WARN_64_TO_32_BIT_CONVERSION = YES;
				GCC_WARN_ABOUT_RETURN_TYPE = YES_ERROR;
				GCC_WARN_UNDECLARED_SELECTOR = YES;
				GCC_WARN_UNINITIALIZED_AUTOS = YES_AGGRESSIVE;
				GCC_WARN_UNUSED_FUNCTION = YES;
				GCC_WARN_UNUSED_VARIABLE = YES;
				IPHONEOS_DEPLOYMENT_TARGET = 14.4;
				MTL_ENABLE_DEBUG_INFO = INCLUDE_SOURCE;
				MTL_FAST_MATH = YES;
				ONLY_ACTIVE_ARCH = YES;
				SDKROOT = iphoneos;
				SWIFT_ACTIVE_COMPILATION_CONDITIONS = DEBUG;
				SWIFT_OPTIMIZATION_LEVEL = "-Onone";
			};
			name = Debug;
		};
		2584B65F260D468100CA7360 /* Release */ = {
			isa = XCBuildConfiguration;
			buildSettings = {
				ALWAYS_SEARCH_USER_PATHS = NO;
				CLANG_ANALYZER_NONNULL = YES;
				CLANG_ANALYZER_NUMBER_OBJECT_CONVERSION = YES_AGGRESSIVE;
				CLANG_CXX_LANGUAGE_STANDARD = "gnu++14";
				CLANG_CXX_LIBRARY = "libc++";
				CLANG_ENABLE_MODULES = YES;
				CLANG_ENABLE_OBJC_ARC = YES;
				CLANG_ENABLE_OBJC_WEAK = YES;
				CLANG_WARN_BLOCK_CAPTURE_AUTORELEASING = YES;
				CLANG_WARN_BOOL_CONVERSION = YES;
				CLANG_WARN_COMMA = YES;
				CLANG_WARN_CONSTANT_CONVERSION = YES;
				CLANG_WARN_DEPRECATED_OBJC_IMPLEMENTATIONS = YES;
				CLANG_WARN_DIRECT_OBJC_ISA_USAGE = YES_ERROR;
				CLANG_WARN_DOCUMENTATION_COMMENTS = YES;
				CLANG_WARN_EMPTY_BODY = YES;
				CLANG_WARN_ENUM_CONVERSION = YES;
				CLANG_WARN_INFINITE_RECURSION = YES;
				CLANG_WARN_INT_CONVERSION = YES;
				CLANG_WARN_NON_LITERAL_NULL_CONVERSION = YES;
				CLANG_WARN_OBJC_IMPLICIT_RETAIN_SELF = YES;
				CLANG_WARN_OBJC_LITERAL_CONVERSION = YES;
				CLANG_WARN_OBJC_ROOT_CLASS = YES_ERROR;
				CLANG_WARN_QUOTED_INCLUDE_IN_FRAMEWORK_HEADER = YES;
				CLANG_WARN_RANGE_LOOP_ANALYSIS = YES;
				CLANG_WARN_STRICT_PROTOTYPES = YES;
				CLANG_WARN_SUSPICIOUS_MOVE = YES;
				CLANG_WARN_UNGUARDED_AVAILABILITY = YES_AGGRESSIVE;
				CLANG_WARN_UNREACHABLE_CODE = YES;
				CLANG_WARN__DUPLICATE_METHOD_MATCH = YES;
				COPY_PHASE_STRIP = NO;
				DEBUG_INFORMATION_FORMAT = "dwarf-with-dsym";
				ENABLE_NS_ASSERTIONS = NO;
				ENABLE_STRICT_OBJC_MSGSEND = YES;
				GCC_C_LANGUAGE_STANDARD = gnu11;
				GCC_NO_COMMON_BLOCKS = YES;
				GCC_WARN_64_TO_32_BIT_CONVERSION = YES;
				GCC_WARN_ABOUT_RETURN_TYPE = YES_ERROR;
				GCC_WARN_UNDECLARED_SELECTOR = YES;
				GCC_WARN_UNINITIALIZED_AUTOS = YES_AGGRESSIVE;
				GCC_WARN_UNUSED_FUNCTION = YES;
				GCC_WARN_UNUSED_VARIABLE = YES;
				IPHONEOS_DEPLOYMENT_TARGET = 14.4;
				MTL_ENABLE_DEBUG_INFO = NO;
				MTL_FAST_MATH = YES;
				SDKROOT = iphoneos;
				SWIFT_COMPILATION_MODE = wholemodule;
				SWIFT_OPTIMIZATION_LEVEL = "-O";
				VALIDATE_PRODUCT = YES;
			};
			name = Release;
		};
		2584B661260D468100CA7360 /* Debug */ = {
			isa = XCBuildConfiguration;
			buildSettings = {
				ASSETCATALOG_COMPILER_APPICON_NAME = AppIcon;
				ASSETCATALOG_COMPILER_GLOBAL_ACCENT_COLOR_NAME = AccentColor;
				CODE_SIGN_STYLE = Automatic;
				DEVELOPMENT_TEAM = 489ZVWUGPK;
				INFOPLIST_FILE = SnippetBank/Info.plist;
				LD_RUNPATH_SEARCH_PATHS = (
					"$(inherited)",
					"@executable_path/Frameworks",
				);
				PRODUCT_BUNDLE_IDENTIFIER = code.luizramos.SnippetBank;
				PRODUCT_NAME = "$(TARGET_NAME)";
				SWIFT_VERSION = 5.0;
				TARGETED_DEVICE_FAMILY = "1,2";
			};
			name = Debug;
		};
		2584B662260D468100CA7360 /* Release */ = {
			isa = XCBuildConfiguration;
			buildSettings = {
				ASSETCATALOG_COMPILER_APPICON_NAME = AppIcon;
				ASSETCATALOG_COMPILER_GLOBAL_ACCENT_COLOR_NAME = AccentColor;
				CODE_SIGN_STYLE = Automatic;
				DEVELOPMENT_TEAM = 489ZVWUGPK;
				INFOPLIST_FILE = SnippetBank/Info.plist;
				LD_RUNPATH_SEARCH_PATHS = (
					"$(inherited)",
					"@executable_path/Frameworks",
				);
				PRODUCT_BUNDLE_IDENTIFIER = code.luizramos.SnippetBank;
				PRODUCT_NAME = "$(TARGET_NAME)";
				SWIFT_VERSION = 5.0;
				TARGETED_DEVICE_FAMILY = "1,2";
			};
			name = Release;
		};
/* End XCBuildConfiguration section */

/* Begin XCConfigurationList section */
		2584B647260D467E00CA7360 /* Build configuration list for PBXProject "SnippetBank" */ = {
			isa = XCConfigurationList;
			buildConfigurations = (
				2584B65E260D468100CA7360 /* Debug */,
				2584B65F260D468100CA7360 /* Release */,
			);
			defaultConfigurationIsVisible = 0;
			defaultConfigurationName = Release;
		};
		2584B660260D468100CA7360 /* Build configuration list for PBXNativeTarget "SnippetBank" */ = {
			isa = XCConfigurationList;
			buildConfigurations = (
				2584B661260D468100CA7360 /* Debug */,
				2584B662260D468100CA7360 /* Release */,
			);
			defaultConfigurationIsVisible = 0;
			defaultConfigurationName = Release;
		};
/* End XCConfigurationList section */

/* Begin XCRemoteSwiftPackageReference section */
		2584B66B260D540600CA7360 /* XCRemoteSwiftPackageReference "Sourceful" */ = {
			isa = XCRemoteSwiftPackageReference;
			repositoryURL = "https://github.com/twostraws/Sourceful.git";
			requirement = {
				kind = upToNextMajorVersion;
				minimumVersion = 0.3.0;
			};
		};
/* End XCRemoteSwiftPackageReference section */

/* Begin XCSwiftPackageProductDependency section */
		2584B66C260D540600CA7360 /* Sourceful */ = {
			isa = XCSwiftPackageProductDependency;
			package = 2584B66B260D540600CA7360 /* XCRemoteSwiftPackageReference "Sourceful" */;
			productName = Sourceful;
		};
/* End XCSwiftPackageProductDependency section */
	};
	rootObject = 2584B644260D467E00CA7360 /* Project object */;
}
